# THIS IS AN AUTOGENERATED FILE. DO NOT EDIT THIS FILE DIRECTLY.
# yarn lockfile v1


"@types/base-64@^0.1.3":
  version "0.1.3"
  resolved "https://registry.yarnpkg.com/@types/base-64/-/base-64-0.1.3.tgz#875320c0d019f576a179324124cdbd5031a411f5"
  integrity sha512-DJpw7RKNMXygZ0j2xe6ROBqiJUy7JWEItkzOPBzrT35HUWS7VLYyW9XJX8yCCvE2xg8QD7wesvVyXFg8AVHTMA==

"@types/node@^12.7.2":
  version "12.7.4"
  resolved "https://registry.yarnpkg.com/@types/node/-/node-12.7.4.tgz#64db61e0359eb5a8d99b55e05c729f130a678b04"
  integrity sha512-W0+n1Y+gK/8G2P/piTkBBN38Qc5Q1ZSO6B5H3QmPCUewaiXOo2GCAWZ4ElZCcNhjJuBSUSLGFUJnmlCn5+nxOQ==

"@types/utf8@^2.1.6":
  version "2.1.6"
  resolved "https://registry.yarnpkg.com/@types/utf8/-/utf8-2.1.6.tgz#430cabb71a42d0a3613cce5621324fe4f5a25753"
  integrity sha512-pRs2gYF5yoKYrgSaira0DJqVg2tFuF+Qjp838xS7K+mJyY2jJzjsrl6y17GbIa4uMRogMbxs+ghNCvKg6XyNrA==

"@virgilsecurity/base-crypto@^0.4.5":
  version "0.4.5"
  resolved "https://registry.yarnpkg.com/@virgilsecurity/base-crypto/-/base-crypto-0.4.5.tgz#53547fc91ec7af6b6bd10e136b15e022e2739763"
  integrity sha512-KB1Sb4FpX11+XAz5wcFP3GmknOaTw2FIeZ1sRMwDRmFOr8OU2dc5PAvWZ+NfLuuk0hOCisPuJPdlE+60/r2dFg==
  dependencies:
    "@virgilsecurity/crypto-types" "^0.1.3"
    "@virgilsecurity/data-utils" "^0.1.4"

"@virgilsecurity/core-foundation@^0.1.1":
  version "0.1.1"
  resolved "https://registry.yarnpkg.com/@virgilsecurity/core-foundation/-/core-foundation-0.1.1.tgz#64e9da072ea3af91d151889e05df6095d87c5c5c"
  integrity sha512-dxRE94QzEAwX1q+49Wb1GBfXc091hiQxYMer5d2Yz/RRFKsUQjjtofiSsLmIViW7rqxK74p6077EQfacWhat9A==

"@virgilsecurity/core-pythia@^0.1.1":
  version "0.1.1"
  resolved "https://registry.yarnpkg.com/@virgilsecurity/core-pythia/-/core-pythia-0.1.1.tgz#31c7dc99540c10860522242dd0aa92ef9fa37b5c"
  integrity sha512-ztb/S+DZfoMfKXKyfFzmu5n4uCBhnCrwUbUghm7aC3pZdmmR29yGvy4vz5QoeL6UURFXt1odUbEm2NayNwrDmA==

"@virgilsecurity/crypto-types@^0.1.3":
  version "0.1.3"
  resolved "https://registry.yarnpkg.com/@virgilsecurity/crypto-types/-/crypto-types-0.1.3.tgz#cf8a25734101b7b1d19521613c8969a5c5862c94"
  integrity sha512-56Tv111NCPAcY0FkQNZpkpaTqOg4Vx+SJKkApDXUhuK4uLaGpkUIWqhfTW3PbAS/6rH0iGnNGQmCV9ho9RwUIA==
  dependencies:
    "@types/node" "^12.7.2"

"@virgilsecurity/data-utils@^0.1.3", "@virgilsecurity/data-utils@^0.1.4":
  version "0.1.5"
  resolved "https://registry.yarnpkg.com/@virgilsecurity/data-utils/-/data-utils-0.1.5.tgz#8797a0fde2b654062759dc41c5d6784205820949"
  integrity sha512-hn4VGfpun2OQ3zZfIcM86d4+DiKUP0EsqEv734WfKn/+5ENRKywr/xY1AEJMacK2R0V7Apmrb3Qjd49a1H5B4w==
  dependencies:
    "@virgilsecurity/crypto-types" "^0.1.3"
    buffer "^5.2.1"

"@virgilsecurity/e3kit-old@npm:@virgilsecurity/e3kit@^0.5.3":
  version "0.5.3"
  resolved "https://registry.yarnpkg.com/@virgilsecurity/e3kit/-/e3kit-0.5.3.tgz#6b2861b2345abd96d97ab9cc810d9c36d8c7b0c4"
  integrity sha512-jaNgg39YqQCxG4BRqPmIh/+FDcLMqgZOdsi2CgP0BmTIzh3ncQaYOxO5GMj6JwOsBdB23u9mny547pOVcaM5zw==
  dependencies:
    "@virgilsecurity/keyknox" "^0.2.5"
    virgil-crypto "^3.2.5"
    virgil-pythia "^0.2.3"
    virgil-sdk "^5.3.0"

"@virgilsecurity/e3kit@next":
  version "0.6.0-beta.1"
  resolved "https://registry.yarnpkg.com/@virgilsecurity/e3kit/-/e3kit-0.6.0-beta.1.tgz#9434e3c7ad1dbdcbf8c8bcd733efbcf77aeefc8b"
  integrity sha512-SwNWXtJfevPG253pP/fripenL/9Yqv+nZvkCPROIxMVqDB7GThIJZJ/5gM7HlWt4vKQuWlwpx2d/LGE4d0LHyQ==
  dependencies:
    "@virgilsecurity/base-crypto" "^0.4.5"
    "@virgilsecurity/core-foundation" "^0.1.1"
    "@virgilsecurity/crypto-types" "^0.1.3"
    "@virgilsecurity/keyknox" next
    "@virgilsecurity/pythia-crypto" "^0.1.1"
    "@virgilsecurity/sdk-crypto" "^0.4.4"
    virgil-pythia next
    virgil-sdk next

"@virgilsecurity/keyknox@^0.2.5":
  version "0.2.6"
  resolved "https://registry.yarnpkg.com/@virgilsecurity/keyknox/-/keyknox-0.2.6.tgz#907778063471e24972e922c4213f6f580d6481e1"
  integrity sha512-zEtdt63UsFrbuttt8rQIfPc5sFAD6u4KrHuoKJuhixvWMvVAPvAm75wHFPGxy0CuE6r09IMQophamEHdRFivZQ==
  dependencies:
    axios "^0.19.0"

"@virgilsecurity/keyknox@next":
  version "0.3.0-alpha.1"
  resolved "https://registry.yarnpkg.com/@virgilsecurity/keyknox/-/keyknox-0.3.0-alpha.1.tgz#9a6263623549bafa1f2cb7a6eb0049a9b70745a6"
  integrity sha512-qb+kQlZsGGYddFHrCnJNp4OjPQnlu8YFWxMtlhrAiue7Sh0N8F0WTNf5cOtsNYLJmYMxtuo8CMGNMEcVLLBV+A==
  dependencies:
    "@types/base-64" "^0.1.3"
    "@virgilsecurity/crypto-types" "^0.1.3"
    axios "^0.19.0"
    base-64 "^0.1.0"

"@virgilsecurity/pythia-crypto@^0.1.1":
  version "0.1.1"
  resolved "https://registry.yarnpkg.com/@virgilsecurity/pythia-crypto/-/pythia-crypto-0.1.1.tgz#4d0c14e2367d7766e959d9797c78d7092e6e6285"
  integrity sha512-vTpMG9mHt1+oEo7s9u+n8YMBIgMYdWlCv5PsaiTlzQkTMgkfxMNGmgCPU7A3lnmYkEIm9IfBu/vJYTnjM6Wi5g==
  dependencies:
    "@virgilsecurity/core-pythia" "^0.1.1"
    "@virgilsecurity/crypto-types" "^0.1.3"
    "@virgilsecurity/data-utils" "^0.1.3"

"@virgilsecurity/sdk-crypto@^0.4.4":
  version "0.4.4"
  resolved "https://registry.yarnpkg.com/@virgilsecurity/sdk-crypto/-/sdk-crypto-0.4.4.tgz#cf18614cdc6fb412984cefa7fc5ccdf9d6b7e130"
  integrity sha512-enQM70Xly+cjM6DqJHSz+uHMZyTuL7igTIwIpUEGVN3h9YRppekbMi23UE/iiteGip3YeG9prAuymJUzOGaAEw==
  dependencies:
    "@virgilsecurity/crypto-types" "^0.1.3"

axios@^0.19.0:
  version "0.19.0"
  resolved "https://registry.yarnpkg.com/axios/-/axios-0.19.0.tgz#8e09bff3d9122e133f7b8101c8fbdd00ed3d2ab8"
  integrity sha512-1uvKqKQta3KBxIz14F2v06AEHZ/dIoeKfbTRkK1E5oqjDnuEerLmYTgJB5AiQZHJcljpg1TuRzdjDR06qNk0DQ==
  dependencies:
    follow-redirects "1.5.10"
    is-buffer "^2.0.2"

balanced-match@^1.0.0:
  version "1.0.0"
  resolved "https://registry.yarnpkg.com/balanced-match/-/balanced-match-1.0.0.tgz#89b4d199ab2bee49de164ea02b89ce462d71b767"
  integrity sha1-ibTRmasr7kneFk6gK4nORi1xt2c=

base-64@^0.1.0:
  version "0.1.0"
  resolved "https://registry.yarnpkg.com/base-64/-/base-64-0.1.0.tgz#780a99c84e7d600260361511c4877613bf24f6bb"
  integrity sha1-eAqZyE59YAJgNhURxId2E78k9rs=

base64-js@^1.0.2:
  version "1.3.1"
  resolved "https://registry.yarnpkg.com/base64-js/-/base64-js-1.3.1.tgz#58ece8cb75dd07e71ed08c736abc5fac4dbf8df1"
  integrity sha512-mLQ4i2QO1ytvGWFWmcngKO//JXAQueZvwEKtjgQFM4jIK0kU+ytMfplL8j+n5mspOfjHwoAg+9yhb7BwAHm36g==

brace-expansion@^1.1.7:
  version "1.1.11"
  resolved "https://registry.yarnpkg.com/brace-expansion/-/brace-expansion-1.1.11.tgz#3c7fcbf529d87226f3d2f52b966ff5271eb441dd"
  integrity sha512-iCuPHDFgrHX7H2vEI/5xpz07zSHB00TpugqhmYtVmMO6518mCuRMoOYFldEBl0g187ufozdaHgWKcYFb61qGiA==
  dependencies:
    balanced-match "^1.0.0"
    concat-map "0.0.1"

buffer-crc32@~0.2.3:
  version "0.2.13"
  resolved "https://registry.yarnpkg.com/buffer-crc32/-/buffer-crc32-0.2.13.tgz#0d333e3f00eac50aa1454abd30ef8c2a5d9a7242"
  integrity sha1-DTM+PwDqxQqhRUq9MO+MKl2ackI=

buffer@^5.2.1:
  version "5.4.2"
  resolved "https://registry.yarnpkg.com/buffer/-/buffer-5.4.2.tgz#2012872776206182480eccb2c0fba5f672a2efef"
  integrity sha512-iy9koArjAFCzGnx3ZvNA6Z0clIbbFgbdWQ0mKD3hO0krOrZh8UgA6qMKcZvwLJxS+D6iVR76+5/pV56yMNYTag==
  dependencies:
    base64-js "^1.0.2"
    ieee754 "^1.1.4"

chownr@^1.1.1:
  version "1.1.2"
  resolved "https://registry.yarnpkg.com/chownr/-/chownr-1.1.2.tgz#a18f1e0b269c8a6a5d3c86eb298beb14c3dd7bf6"
  integrity sha512-GkfeAQh+QNy3wquu9oIZr6SS5x7wGdSgNQvD10X3r+AZr1Oys22HW8kAmDMvNg2+Dm0TeGaEuO8gFwdBXxwO8A==

concat-map@0.0.1:
  version "0.0.1"
  resolved "https://registry.yarnpkg.com/concat-map/-/concat-map-0.0.1.tgz#d8a96bd77fd68df7793a73036a3ba0d5405d477b"
  integrity sha1-2Klr13/Wjfd5OnMDajug1UBdR3s=

cross-fetch@^2.2.2:
  version "2.2.3"
  resolved "https://registry.yarnpkg.com/cross-fetch/-/cross-fetch-2.2.3.tgz#e8a0b3c54598136e037f8650f8e823ccdfac198e"
  integrity sha512-PrWWNH3yL2NYIb/7WF/5vFG3DCQiXDOVf8k3ijatbrtnwNuhMWLC7YF7uqf53tbTFDzHIUD8oITw4Bxt8ST3Nw==
  dependencies:
    node-fetch "2.1.2"
    whatwg-fetch "2.0.4"

crypto-random-string@^1.0.0:
  version "1.0.0"
  resolved "https://registry.yarnpkg.com/crypto-random-string/-/crypto-random-string-1.0.0.tgz#a230f64f568310e1498009940790ec99545bca7e"
  integrity sha1-ojD2T1aDEOFJgAmUB5DsmVRbyn4=

debug@=3.1.0:
  version "3.1.0"
  resolved "https://registry.yarnpkg.com/debug/-/debug-3.1.0.tgz#5bb5a0672628b64149566ba16819e61518c67261"
  integrity sha512-OX8XqP7/1a9cqkxYw2yXss15f26NKWBpDXQd0/uK/KPqdQhxbPa994hnzjcE2VqQpDslf55723cKPUOGSmMY3g==
  dependencies:
    ms "2.0.0"

fd-slicer@~1.1.0:
  version "1.1.0"
  resolved "https://registry.yarnpkg.com/fd-slicer/-/fd-slicer-1.1.0.tgz#25c7c89cb1f9077f8891bbe61d8f390eae256f1e"
  integrity sha1-JcfInLH5B3+IkbvmHY85Dq4lbx4=
  dependencies:
    pend "~1.2.0"

fetch-ponyfill@^6.0.2:
  version "6.1.0"
  resolved "https://registry.yarnpkg.com/fetch-ponyfill/-/fetch-ponyfill-6.1.0.tgz#d56cd1e6fc4e50aff8cd4b7701dc42a0cc26f476"
  integrity sha512-bLc7JCjpJZZUXVxbgwUhd72Q19MAokrCXOg/Akq+wl0uFLFLklFdBkZo5OpQ3kLI0oGqrKdx6t5Zo3QwXBRmbQ==
  dependencies:
    node-fetch "~2.6.0"

follow-redirects@1.5.10:
  version "1.5.10"
  resolved "https://registry.yarnpkg.com/follow-redirects/-/follow-redirects-1.5.10.tgz#7b7a9f9aea2fdff36786a94ff643ed07f4ff5e2a"
  integrity sha512-0V5l4Cizzvqt5D44aTXbFZz+FtyXV1vrDN6qrelxtfYQKW0KO0W2T/hkE8xvGa/540LkZlkaUjO4ailYTFtHVQ==
  dependencies:
    debug "=3.1.0"

fs-minipass@^1.2.5:
  version "1.2.6"
  resolved "https://registry.yarnpkg.com/fs-minipass/-/fs-minipass-1.2.6.tgz#2c5cc30ded81282bfe8a0d7c7c1853ddeb102c07"
  integrity sha512-crhvyXcMejjv3Z5d2Fa9sf5xLYVCF5O1c71QxbVnbLsmYMBEvDAftewesN/HhY03YRoA7zOMxjNGrF5svGaaeQ==
  dependencies:
    minipass "^2.2.1"

fs.realpath@^1.0.0:
  version "1.0.0"
  resolved "https://registry.yarnpkg.com/fs.realpath/-/fs.realpath-1.0.0.tgz#1504ad2523158caa40db4a2787cb01411994ea4f"
  integrity sha1-FQStJSMVjKpA20onh8sBQRmU6k8=

glob@^7.1.3:
  version "7.1.4"
  resolved "https://registry.yarnpkg.com/glob/-/glob-7.1.4.tgz#aa608a2f6c577ad357e1ae5a5c26d9a8d1969255"
  integrity sha512-hkLPepehmnKk41pUGm3sYxoFs/umurYfYJCerbXEyFIWcAzvpipAgVkBqqT9RBKMGjnq6kMuyYwha6csxbiM1A==
  dependencies:
    fs.realpath "^1.0.0"
    inflight "^1.0.4"
    inherits "2"
    minimatch "^3.0.4"
    once "^1.3.0"
    path-is-absolute "^1.0.0"

ieee754@^1.1.4:
  version "1.1.13"
  resolved "https://registry.yarnpkg.com/ieee754/-/ieee754-1.1.13.tgz#ec168558e95aa181fd87d37f55c32bbcb6708b84"
  integrity sha512-4vf7I2LYV/HaWerSo3XmlMkp5eZ83i+/CDluXi/IGTs/O1sejBNhTtnxzmRZfvOUqj7lZjqHkeTvpgSFDlWZTg==

inflight@^1.0.4:
  version "1.0.6"
  resolved "https://registry.yarnpkg.com/inflight/-/inflight-1.0.6.tgz#49bd6331d7d02d0c09bc910a1075ba8165b56df9"
  integrity sha1-Sb1jMdfQLQwJvJEKEHW6gWW1bfk=
  dependencies:
    once "^1.3.0"
    wrappy "1"

inherits@2, inherits@^2.0.3:
  version "2.0.4"
  resolved "https://registry.yarnpkg.com/inherits/-/inherits-2.0.4.tgz#0fa2c64f932917c3433a0ded55363aae37416b7c"
  integrity sha512-k/vGaX4/Yla3WzyMCvTQOXYeIHvqOKtnqBduzTHpzpQZzAskKMhZ2K+EnBiSM9zGSoIFeMpXKxa4dYeZIQqewQ==

is-buffer@^2.0.2:
  version "2.0.3"
  resolved "https://registry.yarnpkg.com/is-buffer/-/is-buffer-2.0.3.tgz#4ecf3fcf749cbd1e472689e109ac66261a25e725"
  integrity sha512-U15Q7MXTuZlrbymiz95PJpZxu8IlipAp4dtS3wOdgPXx3mqBnslrWU14kxfHB+Py/+2PVKSr37dMAgM2A4uArw==

minimatch@^3.0.4:
  version "3.0.4"
  resolved "https://registry.yarnpkg.com/minimatch/-/minimatch-3.0.4.tgz#5166e286457f03306064be5497e8dbb0c3d32083"
  integrity sha512-yJHVQEhyqPLUTgt9B83PXu6W3rx4MvvHvSUvToogpwoGDOUQ+yDrR0HRot+yOCdCO7u4hX3pWft6kWBBcqh0UA==
  dependencies:
    brace-expansion "^1.1.7"

minimist@0.0.8:
  version "0.0.8"
  resolved "https://registry.yarnpkg.com/minimist/-/minimist-0.0.8.tgz#857fcabfc3397d2625b8228262e86aa7a011b05d"
  integrity sha1-hX/Kv8M5fSYluCKCYuhqp6ARsF0=

minipass@^2.2.1, minipass@^2.3.5:
  version "2.5.0"
  resolved "https://registry.yarnpkg.com/minipass/-/minipass-2.5.0.tgz#dddb1d001976978158a05badfcbef4a771612857"
  integrity sha512-9FwMVYhn6ERvMR8XFdOavRz4QK/VJV8elU1x50vYexf9lslDcWe/f4HBRxCPd185ekRSjU6CfYyJCECa/CQy7Q==
  dependencies:
    safe-buffer "^5.1.2"
    yallist "^3.0.0"

minizlib@^1.2.1:
  version "1.2.1"
  resolved "https://registry.yarnpkg.com/minizlib/-/minizlib-1.2.1.tgz#dd27ea6136243c7c880684e8672bb3a45fd9b614"
  integrity sha512-7+4oTUOWKg7AuL3vloEWekXY2/D20cevzsrNT2kGWm+39J9hGTCBv8VI5Pm5lXZ/o3/mdR4f8rflAPhnQb8mPA==
  dependencies:
    minipass "^2.2.1"

mkdirp@^0.5.0, mkdirp@^0.5.1:
  version "0.5.1"
  resolved "https://registry.yarnpkg.com/mkdirp/-/mkdirp-0.5.1.tgz#30057438eac6cf7f8c4767f38648d6697d75c903"
  integrity sha1-MAV0OOrGz3+MR2fzhkjWaX11yQM=
  dependencies:
    minimist "0.0.8"

ms@2.0.0:
  version "2.0.0"
  resolved "https://registry.yarnpkg.com/ms/-/ms-2.0.0.tgz#5608aeadfc00be6c2901df5f9861788de0d597c8"
  integrity sha1-VgiurfwAvmwpAd9fmGF4jeDVl8g=

node-fetch@2.1.2:
  version "2.1.2"
  resolved "https://registry.yarnpkg.com/node-fetch/-/node-fetch-2.1.2.tgz#ab884e8e7e57e38a944753cec706f788d1768bb5"
  integrity sha1-q4hOjn5X44qUR1POxwb3iNF2i7U=

node-fetch@^2.1.2, node-fetch@~2.6.0:
  version "2.6.0"
  resolved "https://registry.yarnpkg.com/node-fetch/-/node-fetch-2.6.0.tgz#e633456386d4aa55863f676a7ab0daa8fdecb0fd"
  integrity sha512-8dG4H5ujfvFiqDmVu9fQ5bOHUC15JMjMY/Zumv26oOvvVJjM67KF8koCWIabKQ1GJIa9r2mMZscBq/TbdOcmNA==

once@^1.3.0:
  version "1.4.0"
  resolved "https://registry.yarnpkg.com/once/-/once-1.4.0.tgz#583b1aa775961d4b113ac17d9c50baef9dd76bd1"
  integrity sha1-WDsap3WWHUsROsF9nFC6753Xa9E=
  dependencies:
    wrappy "1"

path-is-absolute@^1.0.0:
  version "1.0.1"
  resolved "https://registry.yarnpkg.com/path-is-absolute/-/path-is-absolute-1.0.1.tgz#174b9268735534ffbc7ace6bf53a5a9e1b5c5f5f"
  integrity sha1-F0uSaHNVNP+8es5r9TpanhtcX18=

pend@~1.2.0:
  version "1.2.0"
  resolved "https://registry.yarnpkg.com/pend/-/pend-1.2.0.tgz#7a57eb550a6783f9115331fcf4663d5c8e007a50"
  integrity sha1-elfrVQpng/kRUzH89GY9XI4AelA=

readable-stream@^3.0.6:
  version "3.4.0"
  resolved "https://registry.yarnpkg.com/readable-stream/-/readable-stream-3.4.0.tgz#a51c26754658e0a3c21dbf59163bd45ba6f447fc"
  integrity sha512-jItXPLmrSR8jmTRmRWJXCnGJsfy85mB3Wd/uINMXA65yrnFo0cPClFIUWzo2najVNSl+mx7/4W8ttlLWJe99pQ==
  dependencies:
    inherits "^2.0.3"
    string_decoder "^1.1.1"
    util-deprecate "^1.0.1"

rimraf@^2.6.2:
  version "2.7.1"
  resolved "https://registry.yarnpkg.com/rimraf/-/rimraf-2.7.1.tgz#35797f13a7fdadc566142c29d4f07ccad483e3ec"
  integrity sha512-uWjbaKIK3T1OSVptzX7Nl6PvQ3qAGtKEtVRjRuazjfL3Bx5eI409VZSqgND+4UNnmzLVdPj9FqFJNPqBZFve4w==
  dependencies:
    glob "^7.1.3"

safe-buffer@^5.1.2, safe-buffer@~5.2.0:
  version "5.2.0"
  resolved "https://registry.yarnpkg.com/safe-buffer/-/safe-buffer-5.2.0.tgz#b74daec49b1148f88c64b68d49b1e815c1f2f519"
  integrity sha512-fZEwUGbVl7kouZs1jCdMLdt95hdIv0ZeHg6L7qPeciMZhZ+/gdesW4wgTARkrFWEpspjEATAzUGPG8N2jJiwbg==

string_decoder@^1.1.1:
  version "1.3.0"
  resolved "https://registry.yarnpkg.com/string_decoder/-/string_decoder-1.3.0.tgz#42f114594a46cf1a8e30b0a84f56c78c3edac21e"
  integrity sha512-hkRX8U1WjJFd8LsDJ2yQ/wWWxaopEsABU1XfkM8A+j0+85JAGppt16cr1Whg6KIbb4okU6Mql6BOj+uup/wKeA==
  dependencies:
    safe-buffer "~5.2.0"

tar@^4.4.6:
  version "4.4.10"
  resolved "https://registry.yarnpkg.com/tar/-/tar-4.4.10.tgz#946b2810b9a5e0b26140cf78bea6b0b0d689eba1"
  integrity sha512-g2SVs5QIxvo6OLp0GudTqEf05maawKUxXru104iaayWA09551tFCTI8f1Asb4lPfkBr91k07iL4c11XO3/b0tA==
  dependencies:
    chownr "^1.1.1"
    fs-minipass "^1.2.5"
    minipass "^2.3.5"
    minizlib "^1.2.1"
    mkdirp "^0.5.0"
    safe-buffer "^5.1.2"
    yallist "^3.0.3"

temp-dir@^1.0.0:
  version "1.0.0"
  resolved "https://registry.yarnpkg.com/temp-dir/-/temp-dir-1.0.0.tgz#0a7c0ea26d3a39afa7e0ebea9c1fc0bc4daa011d"
  integrity sha1-CnwOom06Oa+n4OvqnB/AvE2qAR0=

tempy@^0.2.1:
  version "0.2.1"
  resolved "https://registry.yarnpkg.com/tempy/-/tempy-0.2.1.tgz#9038e4dbd1c201b74472214179bc2c6f7776e54c"
  integrity sha512-LB83o9bfZGrntdqPuRdanIVCPReam9SOZKW0fOy5I9X3A854GGWi0tjCqoXEk84XIEYBc/x9Hq3EFop/H5wJaw==
  dependencies:
    temp-dir "^1.0.0"
    unique-string "^1.0.0"

unique-string@^1.0.0:
  version "1.0.0"
  resolved "https://registry.yarnpkg.com/unique-string/-/unique-string-1.0.0.tgz#9e1057cca851abb93398f8b33ae187b99caec11a"
  integrity sha1-nhBXzKhRq7kzmPizOuGHuZyuwRo=
  dependencies:
    crypto-random-string "^1.0.0"

utf8@^3.0.0:
  version "3.0.0"
  resolved "https://registry.yarnpkg.com/utf8/-/utf8-3.0.0.tgz#f052eed1364d696e769ef058b183df88c87f69d1"
  integrity sha512-E8VjFIQ/TyQgp+TZfS6l8yp/xWppSAHzidGiRrqe4bK4XP9pTRyKFgGJpO3SN7zdX4DeomTrwaseCHovfpFcqQ==

util-deprecate@^1.0.1:
  version "1.0.2"
  resolved "https://registry.yarnpkg.com/util-deprecate/-/util-deprecate-1.0.2.tgz#450d4dc9fa70de732762fbd2d4a28981419a0ccf"
  integrity sha1-RQ1Nyfpw3nMnYvvS1KKJgUGaDM8=

virgil-crypto@^3.2.5:
  version "3.2.6"
  resolved "https://registry.yarnpkg.com/virgil-crypto/-/virgil-crypto-3.2.6.tgz#1ea5dd0e371cccead5b7c27810ec85b0f5ba61a0"
  integrity sha512-Mbyqy+mIXzmoLl2RLeT8W/gktAaGR50CnD7TeFTVwKD+y1N6xYwS3Lm7BnFr1rcQ13Xuya+Ie6ZSW0jJxA+XAg==
  dependencies:
    node-fetch "^2.1.2"
    readable-stream "^3.0.6"
    tar "^4.4.6"
    tempy "^0.2.1"
    yauzl "^2.9.1"

virgil-pythia@^0.2.3:
  version "0.2.7"
  resolved "https://registry.yarnpkg.com/virgil-pythia/-/virgil-pythia-0.2.7.tgz#62149c1d19a5fd627a52e9c562e8044c0943bba9"
  integrity sha512-QywtkEF0rEsaJU/rB0xMq9iPmhGHbUYdHUriZxpmQCt+0AKwh88q+DwbhPcEdBHNixqusx6GuMXdoe9F4atVzw==
  dependencies:
    cross-fetch "^2.2.2"

virgil-pythia@next:
  version "0.3.0-alpha.4"
  resolved "https://registry.yarnpkg.com/virgil-pythia/-/virgil-pythia-0.3.0-alpha.4.tgz#22a1a8e4ceea955c0fe2842ef961a800bf79b441"
  integrity sha512-wFC0+dCmhVEzJyLHIqc27bLOqUksAhEHuCdWhQ8MzxoB8yuf+Sb+tapt0RvLEXIHFbqL6ULzJ8F2lFZzjHP64w==
  dependencies:
    "@virgilsecurity/crypto-types" "^0.1.3"
    axios "^0.19.0"

virgil-sdk@^5.3.0:
  version "5.3.0"
  resolved "https://registry.yarnpkg.com/virgil-sdk/-/virgil-sdk-5.3.0.tgz#43f0233a5f9691051a123743ac66fc8e2522e9f3"
  integrity sha512-Eq/wtoisvQ02I6FpAJ4xm5FGVgKSPSbaxLlmzTuKXbYMwotqgVrFL9qwHrBKo0icC2Apgmbz3/1zy2ciyF+GXw==
  dependencies:
    fetch-ponyfill "^6.0.2"
    mkdirp "^0.5.1"
    rimraf "^2.6.2"

virgil-sdk@next:
  version "6.0.0-alpha.1"
  resolved "https://registry.yarnpkg.com/virgil-sdk/-/virgil-sdk-6.0.0-alpha.1.tgz#54b274d4079bebed7f157aa913d4af40f5fc58b8"
  integrity sha512-YUtQui4CDmpZGzRFhyWl+eqpX0DJgiYChey09DV/uaHkS54lqUg3sErBJLbp6Kl1hfBS1H0C1PMxa0ptHJ0Vxg==
  dependencies:
    "@types/base-64" "^0.1.3"
    "@types/utf8" "^2.1.6"
    "@virgilsecurity/crypto-types" "^0.1.3"
    base-64 "^0.1.0"
    fetch-ponyfill "^6.0.2"
    mkdirp "^0.5.1"
    rimraf "^2.6.2"
    utf8 "^3.0.0"

whatwg-fetch@2.0.4:
  version "2.0.4"
  resolved "https://registry.yarnpkg.com/whatwg-fetch/-/whatwg-fetch-2.0.4.tgz#dde6a5df315f9d39991aa17621853d720b85566f"
  integrity sha512-dcQ1GWpOD/eEQ97k66aiEVpNnapVj90/+R+SXTPYGHpYBBypfKJEQjLrvMZ7YXbKm21gXd4NcuxUTjiv1YtLng==

wrappy@1:
  version "1.0.2"
  resolved "https://registry.yarnpkg.com/wrappy/-/wrappy-1.0.2.tgz#b5243d8f3ec1aa35f1364605bc0d1036e30ab69f"
  integrity sha1-tSQ9jz7BqjXxNkYFvA0QNuMKtp8=

yallist@^3.0.0, yallist@^3.0.3:
  version "3.0.3"
  resolved "https://registry.yarnpkg.com/yallist/-/yallist-3.0.3.tgz#b4b049e314be545e3ce802236d6cd22cd91c3de9"
  integrity sha512-S+Zk8DEWE6oKpV+vI3qWkaK+jSbIK86pCwe2IF/xwIpQ8jEuxpw9NyaGjmp9+BoJv5FV2piqCDcoCtStppiq2A==

yauzl@^2.9.1:
  version "2.10.0"
  resolved "https://registry.yarnpkg.com/yauzl/-/yauzl-2.10.0.tgz#c7eb17c93e112cb1086fa6d8e51fb0667b79a5f9"
  integrity sha1-x+sXyT4RLLEIb6bY5R+wZnt5pfk=
  dependencies:
    buffer-crc32 "~0.2.3"
    fd-slicer "~1.1.0"
